
Microsoft Visual Studio Solution File, Format Version 12.00
# Visual Studio 2012
Project("{2150E333-8FDC-42A3-9474-1A3956D46DE8}") = "Server", "Server", "{5B7AD7C6-538D-474A-A017-1414689CF5A4}"
EndProject
Project("{FAE04EC0-301F-11D3-BF4B-00C04F79EFBC}") = "ServiceLayer", "ServiceLayer\ServiceLayer.csproj", "{4E30C260-A17E-4996-9A7E-EA8CF8AC3C70}"
EndProject
Project("{2150E333-8FDC-42A3-9474-1A3956D46DE8}") = "Client", "Client", "{12B7A7A9-9197-4921-BF84-E519281BE764}"
EndProject
Project("{FAE04EC0-301F-11D3-BF4B-00C04F79EFBC}") = "WindowsFormsApplication1", "WindowsFormsApplication1\WindowsFormsApplication1.csproj", "{993C065C-1373-45EF-8848-EDCF5DF7F519}"
	ProjectSection(ProjectDependencies) = postProject
		{4E30C260-A17E-4996-9A7E-EA8CF8AC3C70} = {4E30C260-A17E-4996-9A7E-EA8CF8AC3C70}
	EndProjectSection
EndProject
Global
	GlobalSection(SolutionConfigurationPlatforms) = preSolution
		Debug|Any CPU = Debug|Any CPU
		Release|Any CPU = Release|Any CPU
	EndGlobalSection
	GlobalSection(ProjectConfigurationPlatforms) = postSolution
		{4E30C260-A17E-4996-9A7E-EA8CF8AC3C70}.Debug|Any CPU.ActiveCfg = Debug|Any CPU
		{4E30C260-A17E-4996-9A7E-EA8CF8AC3C70}.Debug|Any CPU.Build.0 = Debug|Any CPU
		{4E30C260-A17E-4996-9A7E-EA8CF8AC3C70}.Release|Any CPU.ActiveCfg = Release|Any CPU
		{4E30C260-A17E-4996-9A7E-EA8CF8AC3C70}.Release|Any CPU.Build.0 = Release|Any CPU
		{993C065C-1373-45EF-8848-EDCF5DF7F519}.Debug|Any CPU.ActiveCfg = Debug|Any CPU
		{993C065C-1373-45EF-8848-EDCF5DF7F519}.Debug|Any CPU.Build.0 = Debug|Any CPU
		{993C065C-1373-45EF-8848-EDCF5DF7F519}.Release|Any CPU.ActiveCfg = Release|Any CPU
		{993C065C-1373-45EF-8848-EDCF5DF7F519}.Release|Any CPU.Build.0 = Release|Any CPU
	EndGlobalSection
	GlobalSection(SolutionProperties) = preSolution
		HideSolutionNode = FALSE
	EndGlobalSection
	GlobalSection(NestedProjects) = preSolution
		{4E30C260-A17E-4996-9A7E-EA8CF8AC3C70} = {5B7AD7C6-538D-474A-A017-1414689CF5A4}
		{993C065C-1373-45EF-8848-EDCF5DF7F519} = {12B7A7A9-9197-4921-BF84-E519281BE764}
	EndGlobalSection
EndGlobal
